// !$*UTF8*$!
{
	archiveVersion = 1;
	classes = {
	};
	objectVersion = 70;
	objects = {

/* Begin PBXBuildFile section */
		081232862A76097C009055E2 /* AppSettingsSheet.swift in Sources */ = {isa = PBXBuildFile; fileRef = 081232852A76097C009055E2 /* AppSettingsSheet.swift */; };
		081232882A7609EA009055E2 /* AppSettings.swift in Sources */ = {isa = PBXBuildFile; fileRef = 081232872A7609EA009055E2 /* AppSettings.swift */; };
		0812328A2A761508009055E2 /* Bundle+Versions.swift in Sources */ = {isa = PBXBuildFile; fileRef = 081232892A761508009055E2 /* Bundle+Versions.swift */; };
		0836AE962A87396300032A60 /* SwiftUIShakeGesture in Frameworks */ = {isa = PBXBuildFile; productRef = 0836AE952A87396300032A60 /* SwiftUIShakeGesture */; };
		0836AE982A873B3900032A60 /* DevToolsSection.swift in Sources */ = {isa = PBXBuildFile; fileRef = 0836AE972A873B3900032A60 /* DevToolsSection.swift */; };
		0847AED52A66FEAB00A60344 /* UIFont.swift in Sources */ = {isa = PBXBuildFile; fileRef = 0847AED42A66FEAB00A60344 /* UIFont.swift */; };
		0875267C2A93E23C007795F8 /* FontPicker.swift in Sources */ = {isa = PBXBuildFile; fileRef = 0875267B2A93E23C007795F8 /* FontPicker.swift */; };
		089352282A9C4D4900D22E99 /* FloatingButton.swift in Sources */ = {isa = PBXBuildFile; fileRef = 089352272A9C4D4900D22E99 /* FloatingButton.swift */; };
		08CA3D722A872BCD00CE06C6 /* DeleteAllNotesButton.swift in Sources */ = {isa = PBXBuildFile; fileRef = 08CA3D712A872BCD00CE06C6 /* DeleteAllNotesButton.swift */; };
		08D93EAF2A97B59A0083CE0F /* SettingsSheet.swift in Sources */ = {isa = PBXBuildFile; fileRef = 08D93EAE2A97B59A0083CE0F /* SettingsSheet.swift */; };
		08D93EB12A97BDA10083CE0F /* SettingsButton.swift in Sources */ = {isa = PBXBuildFile; fileRef = 08D93EB02A97BDA10083CE0F /* SettingsButton.swift */; };
		08D93EB52A985FD90083CE0F /* NoteLink.swift in Sources */ = {isa = PBXBuildFile; fileRef = 08D93EB42A985FD90083CE0F /* NoteLink.swift */; };
		08D93EB72A9860180083CE0F /* NoteCell.swift in Sources */ = {isa = PBXBuildFile; fileRef = 08D93EB62A9860180083CE0F /* NoteCell.swift */; };
		08D93EBB2A9980FC0083CE0F /* Snackbar.swift in Sources */ = {isa = PBXBuildFile; fileRef = 08D93EBA2A9980FC0083CE0F /* Snackbar.swift */; };
		A91092F928959F4F00F87E84 /* BiggerNotesApp.swift in Sources */ = {isa = PBXBuildFile; fileRef = A91092F828959F4F00F87E84 /* BiggerNotesApp.swift */; };
		A91092FB28959F4F00F87E84 /* NoteList.swift in Sources */ = {isa = PBXBuildFile; fileRef = A91092FA28959F4F00F87E84 /* NoteList.swift */; };
		A91092FD28959F5000F87E84 /* Assets.xcassets in Resources */ = {isa = PBXBuildFile; fileRef = A91092FC28959F5000F87E84 /* Assets.xcassets */; };
		A910930028959F5000F87E84 /* Preview Assets.xcassets in Resources */ = {isa = PBXBuildFile; fileRef = A91092FF28959F5000F87E84 /* Preview Assets.xcassets */; };
		A910930228959F5000F87E84 /* Persistence.swift in Sources */ = {isa = PBXBuildFile; fileRef = A910930128959F5000F87E84 /* Persistence.swift */; };
		A910930528959F5000F87E84 /* BiggerNotes.xcdatamodeld in Sources */ = {isa = PBXBuildFile; fileRef = A910930328959F5000F87E84 /* BiggerNotes.xcdatamodeld */; };
		A910930E2895A12800F87E84 /* Note+CoreDataClass.swift in Sources */ = {isa = PBXBuildFile; fileRef = A910930C2895A12800F87E84 /* Note+CoreDataClass.swift */; };
		A910930F2895A12800F87E84 /* Note+CoreDataProperties.swift in Sources */ = {isa = PBXBuildFile; fileRef = A910930D2895A12800F87E84 /* Note+CoreDataProperties.swift */; };
		A91093112895A50100F87E84 /* NoteDetail.swift in Sources */ = {isa = PBXBuildFile; fileRef = A91093102895A50100F87E84 /* NoteDetail.swift */; };
		A910931928962CB200F87E84 /* TextSettingsSheet.swift in Sources */ = {isa = PBXBuildFile; fileRef = A910931828962CB200F87E84 /* TextSettingsSheet.swift */; };
		A92146E72DFA792A00C79067 /* SettingsColor.swift in Sources */ = {isa = PBXBuildFile; fileRef = A92146E62DFA792A00C79067 /* SettingsColor.swift */; };
		A966ED6A2E8B3F16001BB971 /* BiggerNotes.icon in Resources */ = {isa = PBXBuildFile; fileRef = A966ED692E8B3F16001BB971 /* BiggerNotes.icon */; };
		A9917915289869F500AD3C30 /* NoteService.swift in Sources */ = {isa = PBXBuildFile; fileRef = A9917914289869F500AD3C30 /* NoteService.swift */; };
		A99179172898917500AD3C30 /* View+ErrorAlert.swift in Sources */ = {isa = PBXBuildFile; fileRef = A99179162898917500AD3C30 /* View+ErrorAlert.swift */; };
		A9B0D482298C1507005B58B3 /* TextView.swift in Sources */ = {isa = PBXBuildFile; fileRef = A9B0D481298C1507005B58B3 /* TextView.swift */; };
		A9EE0EA7289E305300012FE2 /* CreateNewNote.swift in Sources */ = {isa = PBXBuildFile; fileRef = A9EE0EA6289E305300012FE2 /* CreateNewNote.swift */; };
		A9EE0EA9289E310000012FE2 /* Router.swift in Sources */ = {isa = PBXBuildFile; fileRef = A9EE0EA8289E310000012FE2 /* Router.swift */; };
		A9EE0EAB289E34A300012FE2 /* AppShortcuts.swift in Sources */ = {isa = PBXBuildFile; fileRef = A9EE0EAA289E34A300012FE2 /* AppShortcuts.swift */; };
		A9EE0EB328A01AF500012FE2 /* TextSettings.swift in Sources */ = {isa = PBXBuildFile; fileRef = A9EE0EB228A01AF500012FE2 /* TextSettings.swift */; };
/* End PBXBuildFile section */

/* Begin PBXContainerItemProxy section */
		A937EC312F358D810024CBA1 /* PBXContainerItemProxy */ = {
			isa = PBXContainerItemProxy;
			containerPortal = A91092ED28959F4F00F87E84 /* Project object */;
			proxyType = 1;
			remoteGlobalIDString = A91092F428959F4F00F87E84;
			remoteInfo = BiggerNotes;
		};
		A937EC3E2F358D8F0024CBA1 /* PBXContainerItemProxy */ = {
			isa = PBXContainerItemProxy;
			containerPortal = A91092ED28959F4F00F87E84 /* Project object */;
			proxyType = 1;
			remoteGlobalIDString = A91092F428959F4F00F87E84;
			remoteInfo = BiggerNotes;
		};
		A9E4F2292E8CDB0100377EF2 /* PBXContainerItemProxy */ = {
			isa = PBXContainerItemProxy;
			containerPortal = A91092ED28959F4F00F87E84 /* Project object */;
			proxyType = 1;
			remoteGlobalIDString = A91092F428959F4F00F87E84;
			remoteInfo = BiggerNotes;
		};
/* End PBXContainerItemProxy section */

/* Begin PBXFileReference section */
		081232852A76097C009055E2 /* AppSettingsSheet.swift */ = {isa = PBXFileReference; lastKnownFileType = sourcecode.swift; path = AppSettingsSheet.swift; sourceTree = "<group>"; };
		081232872A7609EA009055E2 /* AppSettings.swift */ = {isa = PBXFileReference; lastKnownFileType = sourcecode.swift; path = AppSettings.swift; sourceTree = "<group>"; };
		081232892A761508009055E2 /* Bundle+Versions.swift */ = {isa = PBXFileReference; lastKnownFileType = sourcecode.swift; path = "Bundle+Versions.swift"; sourceTree = "<group>"; };
		0836AE972A873B3900032A60 /* DevToolsSection.swift */ = {isa = PBXFileReference; lastKnownFileType = sourcecode.swift; path = DevToolsSection.swift; sourceTree = "<group>"; };
		0847AED42A66FEAB00A60344 /* UIFont.swift */ = {isa = PBXFileReference; lastKnownFileType = sourcecode.swift; path = UIFont.swift; sourceTree = "<group>"; };
		0875267B2A93E23C007795F8 /* FontPicker.swift */ = {isa = PBXFileReference; lastKnownFileType = sourcecode.swift; path = FontPicker.swift; sourceTree = "<group>"; };
		089352272A9C4D4900D22E99 /* FloatingButton.swift */ = {isa = PBXFileReference; lastKnownFileType = sourcecode.swift; path = FloatingButton.swift; sourceTree = "<group>"; };
		0893522A2A9CFDB500D22E99 /* BiggerNotes 2.xcdatamodel */ = {isa = PBXFileReference; lastKnownFileType = wrapper.xcdatamodel; path = "BiggerNotes 2.xcdatamodel"; sourceTree = "<group>"; };
		08CA3D712A872BCD00CE06C6 /* DeleteAllNotesButton.swift */ = {isa = PBXFileReference; lastKnownFileType = sourcecode.swift; path = DeleteAllNotesButton.swift; sourceTree = "<group>"; };
		08D93EAE2A97B59A0083CE0F /* SettingsSheet.swift */ = {isa = PBXFileReference; lastKnownFileType = sourcecode.swift; path = SettingsSheet.swift; sourceTree = "<group>"; };
		08D93EB02A97BDA10083CE0F /* SettingsButton.swift */ = {isa = PBXFileReference; lastKnownFileType = sourcecode.swift; path = SettingsButton.swift; sourceTree = "<group>"; };
		08D93EB42A985FD90083CE0F /* NoteLink.swift */ = {isa = PBXFileReference; lastKnownFileType = sourcecode.swift; path = NoteLink.swift; sourceTree = "<group>"; };
		08D93EB62A9860180083CE0F /* NoteCell.swift */ = {isa = PBXFileReference; lastKnownFileType = sourcecode.swift; path = NoteCell.swift; sourceTree = "<group>"; };
		08D93EBA2A9980FC0083CE0F /* Snackbar.swift */ = {isa = PBXFileReference; lastKnownFileType = sourcecode.swift; path = Snackbar.swift; sourceTree = "<group>"; };
		A91092F528959F4F00F87E84 /* BiggerNotes.app */ = {isa = PBXFileReference; explicitFileType = wrapper.application; includeInIndex = 0; path = BiggerNotes.app; sourceTree = BUILT_PRODUCTS_DIR; };
		A91092F828959F4F00F87E84 /* BiggerNotesApp.swift */ = {isa = PBXFileReference; lastKnownFileType = sourcecode.swift; path = BiggerNotesApp.swift; sourceTree = "<group>"; };
		A91092FA28959F4F00F87E84 /* NoteList.swift */ = {isa = PBXFileReference; lastKnownFileType = sourcecode.swift; path = NoteList.swift; sourceTree = "<group>"; };
		A91092FC28959F5000F87E84 /* Assets.xcassets */ = {isa = PBXFileReference; lastKnownFileType = folder.assetcatalog; path = Assets.xcassets; sourceTree = "<group>"; };
		A91092FF28959F5000F87E84 /* Preview Assets.xcassets */ = {isa = PBXFileReference; lastKnownFileType = folder.assetcatalog; path = "Preview Assets.xcassets"; sourceTree = "<group>"; };
		A910930128959F5000F87E84 /* Persistence.swift */ = {isa = PBXFileReference; lastKnownFileType = sourcecode.swift; path = Persistence.swift; sourceTree = "<group>"; };
		A910930428959F5000F87E84 /* BiggerNotes.xcdatamodel */ = {isa = PBXFileReference; lastKnownFileType = wrapper.xcdatamodel; path = BiggerNotes.xcdatamodel; sourceTree = "<group>"; };
		A910930628959F5000F87E84 /* Info.plist */ = {isa = PBXFileReference; lastKnownFileType = text.plist.xml; path = Info.plist; sourceTree = "<group>"; };
		A910930C2895A12800F87E84 /* Note+CoreDataClass.swift */ = {isa = PBXFileReference; lastKnownFileType = sourcecode.swift; path = "Note+CoreDataClass.swift"; sourceTree = "<group>"; };
		A910930D2895A12800F87E84 /* Note+CoreDataProperties.swift */ = {isa = PBXFileReference; lastKnownFileType = sourcecode.swift; path = "Note+CoreDataProperties.swift"; sourceTree = "<group>"; };
		A91093102895A50100F87E84 /* NoteDetail.swift */ = {isa = PBXFileReference; lastKnownFileType = sourcecode.swift; path = NoteDetail.swift; sourceTree = "<group>"; };
		A910931828962CB200F87E84 /* TextSettingsSheet.swift */ = {isa = PBXFileReference; lastKnownFileType = sourcecode.swift; path = TextSettingsSheet.swift; sourceTree = "<group>"; };
		A92146E62DFA792A00C79067 /* SettingsColor.swift */ = {isa = PBXFileReference; lastKnownFileType = sourcecode.swift; path = SettingsColor.swift; sourceTree = "<group>"; };
		A937EC2B2F358D810024CBA1 /* BiggerNotesUITests.xctest */ = {isa = PBXFileReference; explicitFileType = wrapper.cfbundle; includeInIndex = 0; path = BiggerNotesUITests.xctest; sourceTree = BUILT_PRODUCTS_DIR; };
		A937EC3A2F358D8F0024CBA1 /* BiggerNotesUnitTests.xctest */ = {isa = PBXFileReference; explicitFileType = wrapper.cfbundle; includeInIndex = 0; path = BiggerNotesUnitTests.xctest; sourceTree = BUILT_PRODUCTS_DIR; };
		A937EC432F3590C10024CBA1 /* bug_report.md */ = {isa = PBXFileReference; lastKnownFileType = net.daringfireball.markdown; path = bug_report.md; sourceTree = "<group>"; };
		A937EC442F3590C10024CBA1 /* feature_request.md */ = {isa = PBXFileReference; lastKnownFileType = net.daringfireball.markdown; path = feature_request.md; sourceTree = "<group>"; };
		A937EC462F3590C10024CBA1 /* tests.yml */ = {isa = PBXFileReference; lastKnownFileType = text.yaml; path = tests.yml; sourceTree = "<group>"; };
		A944827B289B1B2B00F6E7FC /* BiggerNotes.entitlements */ = {isa = PBXFileReference; lastKnownFileType = text.plist.entitlements; path = BiggerNotes.entitlements; sourceTree = "<group>"; };
		A966ED692E8B3F16001BB971 /* BiggerNotes.icon */ = {isa = PBXFileReference; lastKnownFileType = folder.iconcomposer.icon; path = BiggerNotes.icon; sourceTree = "<group>"; };
		A9913CFC28D13AAB00D7DC73 /* PRIVACY.md */ = {isa = PBXFileReference; lastKnownFileType = net.daringfireball.markdown; path = PRIVACY.md; sourceTree = "<group>"; };
		A9917914289869F500AD3C30 /* NoteService.swift */ = {isa = PBXFileReference; lastKnownFileType = sourcecode.swift; path = NoteService.swift; sourceTree = "<group>"; };
		A99179162898917500AD3C30 /* View+ErrorAlert.swift */ = {isa = PBXFileReference; lastKnownFileType = sourcecode.swift; path = "View+ErrorAlert.swift"; sourceTree = "<group>"; };
		A9B0D481298C1507005B58B3 /* TextView.swift */ = {isa = PBXFileReference; lastKnownFileType = sourcecode.swift; path = TextView.swift; sourceTree = "<group>"; };
		A9E4F2232E8CDB0100377EF2 /* BiggerNotesScreenshots.xctest */ = {isa = PBXFileReference; explicitFileType = wrapper.cfbundle; includeInIndex = 0; path = BiggerNotesScreenshots.xctest; sourceTree = BUILT_PRODUCTS_DIR; };
		A9EE0EA3289B4BA800012FE2 /* LICENSE */ = {isa = PBXFileReference; lastKnownFileType = text; path = LICENSE; sourceTree = "<group>"; };
		A9EE0EA4289B4BDD00012FE2 /* README.md */ = {isa = PBXFileReference; lastKnownFileType = net.daringfireball.markdown; path = README.md; sourceTree = "<group>"; };
		A9EE0EA6289E305300012FE2 /* CreateNewNote.swift */ = {isa = PBXFileReference; lastKnownFileType = sourcecode.swift; path = CreateNewNote.swift; sourceTree = "<group>"; };
		A9EE0EA8289E310000012FE2 /* Router.swift */ = {isa = PBXFileReference; lastKnownFileType = sourcecode.swift; path = Router.swift; sourceTree = "<group>"; };
		A9EE0EAA289E34A300012FE2 /* AppShortcuts.swift */ = {isa = PBXFileReference; lastKnownFileType = sourcecode.swift; path = AppShortcuts.swift; sourceTree = "<group>"; };
		A9EE0EB228A01AF500012FE2 /* TextSettings.swift */ = {isa = PBXFileReference; lastKnownFileType = sourcecode.swift; path = TextSettings.swift; sourceTree = "<group>"; };
/* End PBXFileReference section */

/* Begin PBXFileSystemSynchronizedRootGroup section */
		A937EC2C2F358D810024CBA1 /* BiggerNotesUITests */ = {isa = PBXFileSystemSynchronizedRootGroup; explicitFileTypes = {}; explicitFolders = (); path = BiggerNotesUITests; sourceTree = "<group>"; };
		A937EC3B2F358D8F0024CBA1 /* BiggerNotesUnitTests */ = {isa = PBXFileSystemSynchronizedRootGroup; explicitFileTypes = {}; explicitFolders = (); path = BiggerNotesUnitTests; sourceTree = "<group>"; };
		A9E4F2242E8CDB0100377EF2 /* BiggerNotesScreenshots */ = {isa = PBXFileSystemSynchronizedRootGroup; explicitFileTypes = {}; explicitFolders = (); path = BiggerNotesScreenshots; sourceTree = "<group>"; };
/* End PBXFileSystemSynchronizedRootGroup section */

/* Begin PBXFrameworksBuildPhase section */
		A91092F228959F4F00F87E84 /* Frameworks */ = {
			isa = PBXFrameworksBuildPhase;
			buildActionMask = 2147483647;
			files = (
				0836AE962A87396300032A60 /* SwiftUIShakeGesture in Frameworks */,
			);
			runOnlyForDeploymentPostprocessing = 0;
		};
		A937EC282F358D810024CBA1 /* Frameworks */ = {
			isa = PBXFrameworksBuildPhase;
			buildActionMask = 2147483647;
			files = (
			);
			runOnlyForDeploymentPostprocessing = 0;
		};
		A937EC372F358D8F0024CBA1 /* Frameworks */ = {
			isa = PBXFrameworksBuildPhase;
			buildActionMask = 2147483647;
			files = (
			);
			runOnlyForDeploymentPostprocessing = 0;
		};
		A9E4F2202E8CDB0100377EF2 /* Frameworks */ = {
			isa = PBXFrameworksBuildPhase;
			buildActionMask = 2147483647;
			files = (
			);
			runOnlyForDeploymentPostprocessing = 0;
		};
/* End PBXFrameworksBuildPhase section */

/* Begin PBXGroup section */
		A91092EC28959F4F00F87E84 = {
			isa = PBXGroup;
			children = (
				A937EC482F3590C10024CBA1 /* .github */,
				A91092F728959F4F00F87E84 /* BiggerNotes */,
				A9EE0EA3289B4BA800012FE2 /* LICENSE */,
				A9913CFC28D13AAB00D7DC73 /* PRIVACY.md */,
				A9E4F2242E8CDB0100377EF2 /* BiggerNotesScreenshots */,
				A937EC2C2F358D810024CBA1 /* BiggerNotesUITests */,
				A937EC3B2F358D8F0024CBA1 /* BiggerNotesUnitTests */,
				A91092F628959F4F00F87E84 /* Products */,
				A9EE0EA4289B4BDD00012FE2 /* README.md */,
			);
			sourceTree = "<group>";
		};
		A91092F628959F4F00F87E84 /* Products */ = {
			isa = PBXGroup;
			children = (
				A91092F528959F4F00F87E84 /* BiggerNotes.app */,
				A9E4F2232E8CDB0100377EF2 /* BiggerNotesScreenshots.xctest */,
				A937EC2B2F358D810024CBA1 /* BiggerNotesUITests.xctest */,
				A937EC3A2F358D8F0024CBA1 /* BiggerNotesUnitTests.xctest */,
			);
			name = Products;
			sourceTree = "<group>";
		};
		A91092F728959F4F00F87E84 /* BiggerNotes */ = {
			isa = PBXGroup;
			children = (
				A937EBFE2F3587840024CBA1 /* Settings */,
				A937EBFD2F35873A0024CBA1 /* Services */,
				A9448279289B1A5900F6E7FC /* Data */,
				A9EE0EA5289E303000012FE2 /* Intents */,
				A944827A289B1A6F00F6E7FC /* UI */,
				A91092FC28959F5000F87E84 /* Assets.xcassets */,
				A966ED692E8B3F16001BB971 /* BiggerNotes.icon */,
				A944827B289B1B2B00F6E7FC /* BiggerNotes.entitlements */,
				A910930628959F5000F87E84 /* Info.plist */,
				A910930328959F5000F87E84 /* BiggerNotes.xcdatamodeld */,
				A91092FE28959F5000F87E84 /* Preview Content */,
			);
			path = BiggerNotes;
			sourceTree = "<group>";
		};
		A91092FE28959F5000F87E84 /* Preview Content */ = {
			isa = PBXGroup;
			children = (
				A91092FF28959F5000F87E84 /* Preview Assets.xcassets */,
			);
			path = "Preview Content";
			sourceTree = "<group>";
		};
		A937EBFD2F35873A0024CBA1 /* Services */ = {
			isa = PBXGroup;
			children = (
				A9917914289869F500AD3C30 /* NoteService.swift */,
			);
			path = Services;
			sourceTree = "<group>";
		};
		A937EBFE2F3587840024CBA1 /* Settings */ = {
			isa = PBXGroup;
			children = (
				081232872A7609EA009055E2 /* AppSettings.swift */,
				A9EE0EB228A01AF500012FE2 /* TextSettings.swift */,
			);
			path = Settings;
			sourceTree = "<group>";
		};
		A937EC452F3590C10024CBA1 /* ISSUE_TEMPLATE */ = {
			isa = PBXGroup;
			children = (
				A937EC432F3590C10024CBA1 /* bug_report.md */,
				A937EC442F3590C10024CBA1 /* feature_request.md */,
			);
			path = ISSUE_TEMPLATE;
			sourceTree = "<group>";
		};
		A937EC472F3590C10024CBA1 /* workflows */ = {
			isa = PBXGroup;
			children = (
				A937EC462F3590C10024CBA1 /* tests.yml */,
			);
			path = workflows;
			sourceTree = "<group>";
		};
		A937EC482F3590C10024CBA1 /* .github */ = {
			isa = PBXGroup;
			children = (
				A937EC452F3590C10024CBA1 /* ISSUE_TEMPLATE */,
				A937EC472F3590C10024CBA1 /* workflows */,
			);
			path = .github;
			sourceTree = "<group>";
		};
		A9448279289B1A5900F6E7FC /* Data */ = {
			isa = PBXGroup;
			children = (
				A910930C2895A12800F87E84 /* Note+CoreDataClass.swift */,
				A910930D2895A12800F87E84 /* Note+CoreDataProperties.swift */,
				A910930128959F5000F87E84 /* Persistence.swift */,
			);
			path = Data;
			sourceTree = "<group>";
		};
		A944827A289B1A6F00F6E7FC /* UI */ = {
			isa = PBXGroup;
			children = (
				A9B0D483298C160F005B58B3 /* UIKit */,
				081232852A76097C009055E2 /* AppSettingsSheet.swift */,
				A91092F828959F4F00F87E84 /* BiggerNotesApp.swift */,
				081232892A761508009055E2 /* Bundle+Versions.swift */,
				08CA3D712A872BCD00CE06C6 /* DeleteAllNotesButton.swift */,
				0836AE972A873B3900032A60 /* DevToolsSection.swift */,
				089352272A9C4D4900D22E99 /* FloatingButton.swift */,
				08D93EB62A9860180083CE0F /* NoteCell.swift */,
				A91093102895A50100F87E84 /* NoteDetail.swift */,
				08D93EB42A985FD90083CE0F /* NoteLink.swift */,
				A91092FA28959F4F00F87E84 /* NoteList.swift */,
				A9EE0EA8289E310000012FE2 /* Router.swift */,
				08D93EB02A97BDA10083CE0F /* SettingsButton.swift */,
				A92146E62DFA792A00C79067 /* SettingsColor.swift */,
				08D93EAE2A97B59A0083CE0F /* SettingsSheet.swift */,
				08D93EBA2A9980FC0083CE0F /* Snackbar.swift */,
				A910931828962CB200F87E84 /* TextSettingsSheet.swift */,
				A99179162898917500AD3C30 /* View+ErrorAlert.swift */,
			);
			path = UI;
			sourceTree = "<group>";
		};
		A9B0D483298C160F005B58B3 /* UIKit */ = {
			isa = PBXGroup;
			children = (
				0875267B2A93E23C007795F8 /* FontPicker.swift */,
				A9B0D481298C1507005B58B3 /* TextView.swift */,
				0847AED42A66FEAB00A60344 /* UIFont.swift */,
			);
			path = UIKit;
			sourceTree = "<group>";
		};
		A9EE0EA5289E303000012FE2 /* Intents */ = {
			isa = PBXGroup;
			children = (
				A9EE0EAA289E34A300012FE2 /* AppShortcuts.swift */,
				A9EE0EA6289E305300012FE2 /* CreateNewNote.swift */,
			);
			path = Intents;
			sourceTree = "<group>";
		};
/* End PBXGroup section */

/* Begin PBXNativeTarget section */
		A91092F428959F4F00F87E84 /* BiggerNotes */ = {
			isa = PBXNativeTarget;
			buildConfigurationList = A910930928959F5000F87E84 /* Build configuration list for PBXNativeTarget "BiggerNotes" */;
			buildPhases = (
				A91092F128959F4F00F87E84 /* Sources */,
				A91092F228959F4F00F87E84 /* Frameworks */,
				A91092F328959F4F00F87E84 /* Resources */,
			);
			buildRules = (
			);
			dependencies = (
			);
			name = BiggerNotes;
			packageProductDependencies = (
				0836AE952A87396300032A60 /* SwiftUIShakeGesture */,
			);
			productName = BiggerNotes;
			productReference = A91092F528959F4F00F87E84 /* BiggerNotes.app */;
			productType = "com.apple.product-type.application";
		};
		A937EC2A2F358D810024CBA1 /* BiggerNotesUITests */ = {
			isa = PBXNativeTarget;
			buildConfigurationList = A937EC352F358D810024CBA1 /* Build configuration list for PBXNativeTarget "BiggerNotesUITests" */;
			buildPhases = (
				A937EC272F358D810024CBA1 /* Sources */,
				A937EC282F358D810024CBA1 /* Frameworks */,
				A937EC292F358D810024CBA1 /* Resources */,
			);
			buildRules = (
			);
			dependencies = (
				A937EC322F358D810024CBA1 /* PBXTargetDependency */,
			);
			fileSystemSynchronizedGroups = (
				A937EC2C2F358D810024CBA1 /* BiggerNotesUITests */,
			);
			name = BiggerNotesUITests;
			packageProductDependencies = (
			);
			productName = BiggerNotesUITests;
			productReference = A937EC2B2F358D810024CBA1 /* BiggerNotesUITests.xctest */;
			productType = "com.apple.product-type.bundle.ui-testing";
		};
		A937EC392F358D8F0024CBA1 /* BiggerNotesUnitTests */ = {
			isa = PBXNativeTarget;
			buildConfigurationList = A937EC402F358D8F0024CBA1 /* Build configuration list for PBXNativeTarget "BiggerNotesUnitTests" */;
			buildPhases = (
				A937EC362F358D8F0024CBA1 /* Sources */,
				A937EC372F358D8F0024CBA1 /* Frameworks */,
				A937EC382F358D8F0024CBA1 /* Resources */,
			);
			buildRules = (
			);
			dependencies = (
				A937EC3F2F358D8F0024CBA1 /* PBXTargetDependency */,
			);
			fileSystemSynchronizedGroups = (
				A937EC3B2F358D8F0024CBA1 /* BiggerNotesUnitTests */,
			);
			name = BiggerNotesUnitTests;
			packageProductDependencies = (
			);
			productName = BiggerNotesUnitTests;
			productReference = A937EC3A2F358D8F0024CBA1 /* BiggerNotesUnitTests.xctest */;
			productType = "com.apple.product-type.bundle.unit-test";
		};
		A9E4F2222E8CDB0100377EF2 /* BiggerNotesScreenshots */ = {
			isa = PBXNativeTarget;
			buildConfigurationList = A9E4F22D2E8CDB0100377EF2 /* Build configuration list for PBXNativeTarget "BiggerNotesScreenshots" */;
			buildPhases = (
				A9E4F21F2E8CDB0100377EF2 /* Sources */,
				A9E4F2202E8CDB0100377EF2 /* Frameworks */,
				A9E4F2212E8CDB0100377EF2 /* Resources */,
			);
			buildRules = (
			);
			dependencies = (
				A9E4F22A2E8CDB0100377EF2 /* PBXTargetDependency */,
			);
			fileSystemSynchronizedGroups = (
				A9E4F2242E8CDB0100377EF2 /* BiggerNotesScreenshots */,
			);
			name = BiggerNotesScreenshots;
			packageProductDependencies = (
			);
			productName = BiggerNotesScreenshots;
			productReference = A9E4F2232E8CDB0100377EF2 /* BiggerNotesScreenshots.xctest */;
			productType = "com.apple.product-type.bundle.ui-testing";
		};
/* End PBXNativeTarget section */

/* Begin PBXProject section */
		A91092ED28959F4F00F87E84 /* Project object */ = {
			isa = PBXProject;
			attributes = {
				BuildIndependentTargetsInParallel = 1;
				LastSwiftUpdateCheck = 2620;
				LastUpgradeCheck = 2600;
				TargetAttributes = {
					A91092F428959F4F00F87E84 = {
						CreatedOnToolsVersion = 14.0;
					};
					A937EC2A2F358D810024CBA1 = {
						CreatedOnToolsVersion = 26.2;
						TestTargetID = A91092F428959F4F00F87E84;
					};
					A937EC392F358D8F0024CBA1 = {
						CreatedOnToolsVersion = 26.2;
						TestTargetID = A91092F428959F4F00F87E84;
					};
					A9E4F2222E8CDB0100377EF2 = {
						CreatedOnToolsVersion = 26.0.1;
						TestTargetID = A91092F428959F4F00F87E84;
					};
				};
			};
			buildConfigurationList = A91092F028959F4F00F87E84 /* Build configuration list for PBXProject "BiggerNotes" */;
			compatibilityVersion = "Xcode 14.0";
			developmentRegion = en;
			hasScannedForEncodings = 0;
			knownRegions = (
				en,
				Base,
			);
			mainGroup = A91092EC28959F4F00F87E84;
			packageReferences = (
				0836AE942A87396300032A60 /* XCRemoteSwiftPackageReference "swiftui-shake-gesture" */,
			);
			productRefGroup = A91092F628959F4F00F87E84 /* Products */;
			projectDirPath = "";
			projectRoot = "";
			targets = (
				A91092F428959F4F00F87E84 /* BiggerNotes */,
				A9E4F2222E8CDB0100377EF2 /* BiggerNotesScreenshots */,
				A937EC2A2F358D810024CBA1 /* BiggerNotesUITests */,
				A937EC392F358D8F0024CBA1 /* BiggerNotesUnitTests */,
			);
		};
/* End PBXProject section */

/* Begin PBXResourcesBuildPhase section */
		A91092F328959F4F00F87E84 /* Resources */ = {
			isa = PBXResourcesBuildPhase;
			buildActionMask = 2147483647;
			files = (
				A910930028959F5000F87E84 /* Preview Assets.xcassets in Resources */,
				A91092FD28959F5000F87E84 /* Assets.xcassets in Resources */,
				A966ED6A2E8B3F16001BB971 /* BiggerNotes.icon in Resources */,
			);
			runOnlyForDeploymentPostprocessing = 0;
		};
		A937EC292F358D810024CBA1 /* Resources */ = {
			isa = PBXResourcesBuildPhase;
			buildActionMask = 2147483647;
			files = (
			);
			runOnlyForDeploymentPostprocessing = 0;
		};
		A937EC382F358D8F0024CBA1 /* Resources */ = {
			isa = PBXResourcesBuildPhase;
			buildActionMask = 2147483647;
			files = (
			);
			runOnlyForDeploymentPostprocessing = 0;
		};
		A9E4F2212E8CDB0100377EF2 /* Resources */ = {
			isa = PBXResourcesBuildPhase;
			buildActionMask = 2147483647;
			files = (
			);
			runOnlyForDeploymentPostprocessing = 0;
		};
/* End PBXResourcesBuildPhase section */

/* Begin PBXSourcesBuildPhase section */
		A91092F128959F4F00F87E84 /* Sources */ = {
			isa = PBXSourcesBuildPhase;
			buildActionMask = 2147483647;
			files = (
				A99179172898917500AD3C30 /* View+ErrorAlert.swift in Sources */,
				A910930228959F5000F87E84 /* Persistence.swift in Sources */,
				A910930528959F5000F87E84 /* BiggerNotes.xcdatamodeld in Sources */,
				08D93EB72A9860180083CE0F /* NoteCell.swift in Sources */,
				081232862A76097C009055E2 /* AppSettingsSheet.swift in Sources */,
				A910930E2895A12800F87E84 /* Note+CoreDataClass.swift in Sources */,
				08D93EBB2A9980FC0083CE0F /* Snackbar.swift in Sources */,
				A9EE0EA7289E305300012FE2 /* CreateNewNote.swift in Sources */,
				0836AE982A873B3900032A60 /* DevToolsSection.swift in Sources */,
				08D93EB12A97BDA10083CE0F /* SettingsButton.swift in Sources */,
				A91092FB28959F4F00F87E84 /* NoteList.swift in Sources */,
				08D93EB52A985FD90083CE0F /* NoteLink.swift in Sources */,
				A910931928962CB200F87E84 /* TextSettingsSheet.swift in Sources */,
				0812328A2A761508009055E2 /* Bundle+Versions.swift in Sources */,
				A91092F928959F4F00F87E84 /* BiggerNotesApp.swift in Sources */,
				A910930F2895A12800F87E84 /* Note+CoreDataProperties.swift in Sources */,
				08D93EAF2A97B59A0083CE0F /* SettingsSheet.swift in Sources */,
				A9EE0EA9289E310000012FE2 /* Router.swift in Sources */,
				A91093112895A50100F87E84 /* NoteDetail.swift in Sources */,
				089352282A9C4D4900D22E99 /* FloatingButton.swift in Sources */,
				A92146E72DFA792A00C79067 /* SettingsColor.swift in Sources */,
				A9EE0EAB289E34A300012FE2 /* AppShortcuts.swift in Sources */,
				081232882A7609EA009055E2 /* AppSettings.swift in Sources */,
				0847AED52A66FEAB00A60344 /* UIFont.swift in Sources */,
				A9B0D482298C1507005B58B3 /* TextView.swift in Sources */,
				0875267C2A93E23C007795F8 /* FontPicker.swift in Sources */,
				A9917915289869F500AD3C30 /* NoteService.swift in Sources */,
				08CA3D722A872BCD00CE06C6 /* DeleteAllNotesButton.swift in Sources */,
				A9EE0EB328A01AF500012FE2 /* TextSettings.swift in Sources */,
			);
			runOnlyForDeploymentPostprocessing = 0;
		};
		A937EC272F358D810024CBA1 /* Sources */ = {
			isa = PBXSourcesBuildPhase;
			buildActionMask = 2147483647;
			files = (
			);
			runOnlyForDeploymentPostprocessing = 0;
		};
		A937EC362F358D8F0024CBA1 /* Sources */ = {
			isa = PBXSourcesBuildPhase;
			buildActionMask = 2147483647;
			files = (
			);
			runOnlyForDeploymentPostprocessing = 0;
		};
		A9E4F21F2E8CDB0100377EF2 /* Sources */ = {
			isa = PBXSourcesBuildPhase;
			buildActionMask = 2147483647;
			files = (
			);
			runOnlyForDeploymentPostprocessing = 0;
		};
/* End PBXSourcesBuildPhase section */

/* Begin PBXTargetDependency section */
		A937EC322F358D810024CBA1 /* PBXTargetDependency */ = {
			isa = PBXTargetDependency;
			target = A91092F428959F4F00F87E84 /* BiggerNotes */;
			targetProxy = A937EC312F358D810024CBA1 /* PBXContainerItemProxy */;
		};
		A937EC3F2F358D8F0024CBA1 /* PBXTargetDependency */ = {
			isa = PBXTargetDependency;
			target = A91092F428959F4F00F87E84 /* BiggerNotes */;
			targetProxy = A937EC3E2F358D8F0024CBA1 /* PBXContainerItemProxy */;
		};
		A9E4F22A2E8CDB0100377EF2 /* PBXTargetDependency */ = {
			isa = PBXTargetDependency;
			target = A91092F428959F4F00F87E84 /* BiggerNotes */;
			targetProxy = A9E4F2292E8CDB0100377EF2 /* PBXContainerItemProxy */;
		};
/* End PBXTargetDependency section */

/* Begin XCBuildConfiguration section */
		A910930728959F5000F87E84 /* Debug */ = {
			isa = XCBuildConfiguration;
			buildSettings = {
				ALWAYS_SEARCH_USER_PATHS = NO;
				ASSETCATALOG_COMPILER_GENERATE_SWIFT_ASSET_SYMBOL_EXTENSIONS = YES;
				CLANG_ANALYZER_NONNULL = YES;
				CLANG_ANALYZER_NUMBER_OBJECT_CONVERSION = YES_AGGRESSIVE;
				CLANG_CXX_LANGUAGE_STANDARD = "gnu++20";
				CLANG_ENABLE_MODULES = YES;
				CLANG_ENABLE_OBJC_ARC = YES;
				CLANG_ENABLE_OBJC_WEAK = YES;
				CLANG_WARN_BLOCK_CAPTURE_AUTORELEASING = YES;
				CLANG_WARN_BOOL_CONVERSION = YES;
				CLANG_WARN_COMMA = YES;
				CLANG_WARN_CONSTANT_CONVERSION = YES;
				CLANG_WARN_DEPRECATED_OBJC_IMPLEMENTATIONS = YES;
				CLANG_WARN_DIRECT_OBJC_ISA_USAGE = YES_ERROR;
				CLANG_WARN_DOCUMENTATION_COMMENTS = YES;
				CLANG_WARN_EMPTY_BODY = YES;
				CLANG_WARN_ENUM_CONVERSION = YES;
				CLANG_WARN_INFINITE_RECURSION = YES;
				CLANG_WARN_INT_CONVERSION = YES;
				CLANG_WARN_NON_LITERAL_NULL_CONVERSION = YES;
				CLANG_WARN_OBJC_IMPLICIT_RETAIN_SELF = YES;
				CLANG_WARN_OBJC_LITERAL_CONVERSION = YES;
				CLANG_WARN_OBJC_ROOT_CLASS = YES_ERROR;
				CLANG_WARN_QUOTED_INCLUDE_IN_FRAMEWORK_HEADER = YES;
				CLANG_WARN_RANGE_LOOP_ANALYSIS = YES;
				CLANG_WARN_STRICT_PROTOTYPES = YES;
				CLANG_WARN_SUSPICIOUS_MOVE = YES;
				CLANG_WARN_UNGUARDED_AVAILABILITY = YES_AGGRESSIVE;
				CLANG_WARN_UNREACHABLE_CODE = YES;
				CLANG_WARN__DUPLICATE_METHOD_MATCH = YES;
				COPY_PHASE_STRIP = NO;
				DEBUG_INFORMATION_FORMAT = dwarf;
				DEVELOPMENT_TEAM = 79JQZNXB8V;
				ENABLE_STRICT_OBJC_MSGSEND = YES;
				ENABLE_TESTABILITY = YES;
				ENABLE_USER_SCRIPT_SANDBOXING = YES;
				GCC_C_LANGUAGE_STANDARD = gnu11;
				GCC_DYNAMIC_NO_PIC = NO;
				GCC_NO_COMMON_BLOCKS = YES;
				GCC_OPTIMIZATION_LEVEL = 0;
				GCC_PREPROCESSOR_DEFINITIONS = (
					"DEBUG=1",
					"$(inherited)",
				);
				GCC_WARN_64_TO_32_BIT_CONVERSION = YES;
				GCC_WARN_ABOUT_RETURN_TYPE = YES_ERROR;
				GCC_WARN_UNDECLARED_SELECTOR = YES;
				GCC_WARN_UNINITIALIZED_AUTOS = YES_AGGRESSIVE;
				GCC_WARN_UNUSED_FUNCTION = YES;
				GCC_WARN_UNUSED_VARIABLE = YES;
				IPHONEOS_DEPLOYMENT_TARGET = 16.0;
				MTL_ENABLE_DEBUG_INFO = INCLUDE_SOURCE;
				MTL_FAST_MATH = YES;
				ONLY_ACTIVE_ARCH = YES;
				SDKROOT = iphoneos;
				STRING_CATALOG_GENERATE_SYMBOLS = YES;
				SWIFT_ACTIVE_COMPILATION_CONDITIONS = DEBUG;
				SWIFT_OPTIMIZATION_LEVEL = "-Onone";
			};
			name = Debug;
		};
		A910930828959F5000F87E84 /* Release */ = {
			isa = XCBuildConfiguration;
			buildSettings = {
				ALWAYS_SEARCH_USER_PATHS = NO;
				ASSETCATALOG_COMPILER_GENERATE_SWIFT_ASSET_SYMBOL_EXTENSIONS = YES;
				CLANG_ANALYZER_NONNULL = YES;
				CLANG_ANALYZER_NUMBER_OBJECT_CONVERSION = YES_AGGRESSIVE;
				CLANG_CXX_LANGUAGE_STANDARD = "gnu++20";
				CLANG_ENABLE_MODULES = YES;
				CLANG_ENABLE_OBJC_ARC = YES;
				CLANG_ENABLE_OBJC_WEAK = YES;
				CLANG_WARN_BLOCK_CAPTURE_AUTORELEASING = YES;
				CLANG_WARN_BOOL_CONVERSION = YES;
				CLANG_WARN_COMMA = YES;
				CLANG_WARN_CONSTANT_CONVERSION = YES;
				CLANG_WARN_DEPRECATED_OBJC_IMPLEMENTATIONS = YES;
				CLANG_WARN_DIRECT_OBJC_ISA_USAGE = YES_ERROR;
				CLANG_WARN_DOCUMENTATION_COMMENTS = YES;
				CLANG_WARN_EMPTY_BODY = YES;
				CLANG_WARN_ENUM_CONVERSION = YES;
				CLANG_WARN_INFINITE_RECURSION = YES;
				CLANG_WARN_INT_CONVERSION = YES;
				CLANG_WARN_NON_LITERAL_NULL_CONVERSION = YES;
				CLANG_WARN_OBJC_IMPLICIT_RETAIN_SELF = YES;
				CLANG_WARN_OBJC_LITERAL_CONVERSION = YES;
				CLANG_WARN_OBJC_ROOT_CLASS = YES_ERROR;
				CLANG_WARN_QUOTED_INCLUDE_IN_FRAMEWORK_HEADER = YES;
				CLANG_WARN_RANGE_LOOP_ANALYSIS = YES;
				CLANG_WARN_STRICT_PROTOTYPES = YES;
				CLANG_WARN_SUSPICIOUS_MOVE = YES;
				CLANG_WARN_UNGUARDED_AVAILABILITY = YES_AGGRESSIVE;
				CLANG_WARN_UNREACHABLE_CODE = YES;
				CLANG_WARN__DUPLICATE_METHOD_MATCH = YES;
				COPY_PHASE_STRIP = NO;
				DEBUG_INFORMATION_FORMAT = "dwarf-with-dsym";
				DEVELOPMENT_TEAM = 79JQZNXB8V;
				ENABLE_NS_ASSERTIONS = NO;
				ENABLE_STRICT_OBJC_MSGSEND = YES;
				ENABLE_USER_SCRIPT_SANDBOXING = YES;
				GCC_C_LANGUAGE_STANDARD = gnu11;
				GCC_NO_COMMON_BLOCKS = YES;
				GCC_WARN_64_TO_32_BIT_CONVERSION = YES;
				GCC_WARN_ABOUT_RETURN_TYPE = YES_ERROR;
				GCC_WARN_UNDECLARED_SELECTOR = YES;
				GCC_WARN_UNINITIALIZED_AUTOS = YES_AGGRESSIVE;
				GCC_WARN_UNUSED_FUNCTION = YES;
				GCC_WARN_UNUSED_VARIABLE = YES;
				IPHONEOS_DEPLOYMENT_TARGET = 16.0;
				MTL_ENABLE_DEBUG_INFO = NO;
				MTL_FAST_MATH = YES;
				SDKROOT = iphoneos;
				STRING_CATALOG_GENERATE_SYMBOLS = YES;
				SWIFT_COMPILATION_MODE = wholemodule;
				SWIFT_OPTIMIZATION_LEVEL = "-O";
				VALIDATE_PRODUCT = YES;
			};
			name = Release;
		};
		A910930A28959F5000F87E84 /* Debug */ = {
			isa = XCBuildConfiguration;
			buildSettings = {
				ASSETCATALOG_COMPILER_APPICON_NAME = BiggerNotes;
				ASSETCATALOG_COMPILER_GLOBAL_ACCENT_COLOR_NAME = AccentColor;
				CODE_SIGN_ENTITLEMENTS = BiggerNotes/BiggerNotes.entitlements;
				CODE_SIGN_STYLE = Automatic;
				CURRENT_PROJECT_VERSION = 1;
				DEVELOPMENT_ASSET_PATHS = "\"BiggerNotes/Preview Content\"";
				ENABLE_PREVIEWS = YES;
				GENERATE_INFOPLIST_FILE = YES;
				INFOPLIST_FILE = BiggerNotes/Info.plist;
				INFOPLIST_KEY_CFBundleDisplayName = "Bigger Notes";
				INFOPLIST_KEY_LSApplicationCategoryType = "public.app-category.productivity";
				INFOPLIST_KEY_UIApplicationSupportsIndirectInputEvents = YES;
				INFOPLIST_KEY_UILaunchScreen_Generation = YES;
				INFOPLIST_KEY_UISupportedInterfaceOrientations = "UIInterfaceOrientationLandscapeLeft UIInterfaceOrientationLandscapeRight UIInterfaceOrientationPortrait UIInterfaceOrientationPortraitUpsideDown";
				IPHONEOS_DEPLOYMENT_TARGET = 16.1;
				LD_RUNPATH_SEARCH_PATHS = (
					"$(inherited)",
					"@executable_path/Frameworks",
				);
				MARKETING_VERSION = 3.8.2;
				PRODUCT_BUNDLE_IDENTIFIER = org.ejeff.BiggerNotes;
				PRODUCT_NAME = "$(TARGET_NAME)";
				SWIFT_EMIT_LOC_STRINGS = YES;
				SWIFT_VERSION = 5.0;
				TARGETED_DEVICE_FAMILY = "1,2";
			};
			name = Debug;
		};
		A910930B28959F5000F87E84 /* Release */ = {
			isa = XCBuildConfiguration;
			buildSettings = {
				ASSETCATALOG_COMPILER_APPICON_NAME = BiggerNotes;
				ASSETCATALOG_COMPILER_GLOBAL_ACCENT_COLOR_NAME = AccentColor;
				CODE_SIGN_ENTITLEMENTS = BiggerNotes/BiggerNotes.entitlements;
				CODE_SIGN_STYLE = Automatic;
				CURRENT_PROJECT_VERSION = 1;
				DEVELOPMENT_ASSET_PATHS = "\"BiggerNotes/Preview Content\"";
				ENABLE_PREVIEWS = YES;
				GENERATE_INFOPLIST_FILE = YES;
				INFOPLIST_FILE = BiggerNotes/Info.plist;
				INFOPLIST_KEY_CFBundleDisplayName = "Bigger Notes";
				INFOPLIST_KEY_LSApplicationCategoryType = "public.app-category.productivity";
				INFOPLIST_KEY_UIApplicationSupportsIndirectInputEvents = YES;
				INFOPLIST_KEY_UILaunchScreen_Generation = YES;
				INFOPLIST_KEY_UISupportedInterfaceOrientations = "UIInterfaceOrientationLandscapeLeft UIInterfaceOrientationLandscapeRight UIInterfaceOrientationPortrait UIInterfaceOrientationPortraitUpsideDown";
				IPHONEOS_DEPLOYMENT_TARGET = 16.1;
				LD_RUNPATH_SEARCH_PATHS = (
					"$(inherited)",
					"@executable_path/Frameworks",
				);
				MARKETING_VERSION = 3.8.2;
				PRODUCT_BUNDLE_IDENTIFIER = org.ejeff.BiggerNotes;
				PRODUCT_NAME = "$(TARGET_NAME)";
				SWIFT_EMIT_LOC_STRINGS = YES;
				SWIFT_VERSION = 5.0;
				TARGETED_DEVICE_FAMILY = "1,2";
			};
			name = Release;
		};
		A937EC332F358D810024CBA1 /* Debug */ = {
			isa = XCBuildConfiguration;
			buildSettings = {
				CODE_SIGN_STYLE = Automatic;
				CURRENT_PROJECT_VERSION = 1;
				DEVELOPMENT_TEAM = 79JQZNXB8V;
				GCC_C_LANGUAGE_STANDARD = gnu17;
				GENERATE_INFOPLIST_FILE = YES;
				IPHONEOS_DEPLOYMENT_TARGET = 26.2;
				LOCALIZATION_PREFERS_STRING_CATALOGS = YES;
				MARKETING_VERSION = 1.0;
				PRODUCT_BUNDLE_IDENTIFIER = org.ejeff.BiggerNotesUITests;
				PRODUCT_NAME = "$(TARGET_NAME)";
				STRING_CATALOG_GENERATE_SYMBOLS = NO;
				SWIFT_ACTIVE_COMPILATION_CONDITIONS = "DEBUG $(inherited)";
				SWIFT_APPROACHABLE_CONCURRENCY = YES;
				SWIFT_EMIT_LOC_STRINGS = NO;
				SWIFT_UPCOMING_FEATURE_MEMBER_IMPORT_VISIBILITY = YES;
				SWIFT_VERSION = 5.0;
				TARGETED_DEVICE_FAMILY = "1,2";
				TEST_TARGET_NAME = BiggerNotes;
			};
			name = Debug;
		};
		A937EC342F358D810024CBA1 /* Release */ = {
			isa = XCBuildConfiguration;
			buildSettings = {
				CODE_SIGN_STYLE = Automatic;
				CURRENT_PROJECT_VERSION = 1;
				DEVELOPMENT_TEAM = 79JQZNXB8V;
				GCC_C_LANGUAGE_STANDARD = gnu17;
				GENERATE_INFOPLIST_FILE = YES;
				IPHONEOS_DEPLOYMENT_TARGET = 26.2;
				LOCALIZATION_PREFERS_STRING_CATALOGS = YES;
				MARKETING_VERSION = 1.0;
				PRODUCT_BUNDLE_IDENTIFIER = org.ejeff.BiggerNotesUITests;
				PRODUCT_NAME = "$(TARGET_NAME)";
				STRING_CATALOG_GENERATE_SYMBOLS = NO;
				SWIFT_APPROACHABLE_CONCURRENCY = YES;
				SWIFT_EMIT_LOC_STRINGS = NO;
				SWIFT_UPCOMING_FEATURE_MEMBER_IMPORT_VISIBILITY = YES;
				SWIFT_VERSION = 5.0;
				TARGETED_DEVICE_FAMILY = "1,2";
				TEST_TARGET_NAME = BiggerNotes;
			};
			name = Release;
		};
		A937EC412F358D8F0024CBA1 /* Debug */ = {
			isa = XCBuildConfiguration;
			buildSettings = {
				BUNDLE_LOADER = "$(TEST_HOST)";
				CODE_SIGN_STYLE = Automatic;
				CURRENT_PROJECT_VERSION = 1;
				DEVELOPMENT_TEAM = 79JQZNXB8V;
				GCC_C_LANGUAGE_STANDARD = gnu17;
				GENERATE_INFOPLIST_FILE = YES;
				IPHONEOS_DEPLOYMENT_TARGET = 26.2;
				LOCALIZATION_PREFERS_STRING_CATALOGS = YES;
				MARKETING_VERSION = 1.0;
				PRODUCT_BUNDLE_IDENTIFIER = org.ejeff.BiggerNotesUnitTests;
				PRODUCT_NAME = "$(TARGET_NAME)";
				STRING_CATALOG_GENERATE_SYMBOLS = NO;
				SWIFT_ACTIVE_COMPILATION_CONDITIONS = "DEBUG $(inherited)";
				SWIFT_APPROACHABLE_CONCURRENCY = YES;
				SWIFT_EMIT_LOC_STRINGS = NO;
				SWIFT_UPCOMING_FEATURE_MEMBER_IMPORT_VISIBILITY = YES;
				SWIFT_VERSION = 5.0;
				TARGETED_DEVICE_FAMILY = "1,2";
				TEST_HOST = "$(BUILT_PRODUCTS_DIR)/BiggerNotes.app/$(BUNDLE_EXECUTABLE_FOLDER_PATH)/BiggerNotes";
			};
			name = Debug;
		};
		A937EC422F358D8F0024CBA1 /* Release */ = {
			isa = XCBuildConfiguration;
			buildSettings = {
				BUNDLE_LOADER = "$(TEST_HOST)";
				CODE_SIGN_STYLE = Automatic;
				CURRENT_PROJECT_VERSION = 1;
				DEVELOPMENT_TEAM = 79JQZNXB8V;
				GCC_C_LANGUAGE_STANDARD = gnu17;
				GENERATE_INFOPLIST_FILE = YES;
				IPHONEOS_DEPLOYMENT_TARGET = 26.2;
				LOCALIZATION_PREFERS_STRING_CATALOGS = YES;
				MARKETING_VERSION = 1.0;
				PRODUCT_BUNDLE_IDENTIFIER = org.ejeff.BiggerNotesUnitTests;
				PRODUCT_NAME = "$(TARGET_NAME)";
				STRING_CATALOG_GENERATE_SYMBOLS = NO;
				SWIFT_APPROACHABLE_CONCURRENCY = YES;
				SWIFT_EMIT_LOC_STRINGS = NO;
				SWIFT_UPCOMING_FEATURE_MEMBER_IMPORT_VISIBILITY = YES;
				SWIFT_VERSION = 5.0;
				TARGETED_DEVICE_FAMILY = "1,2";
				TEST_HOST = "$(BUILT_PRODUCTS_DIR)/BiggerNotes.app/$(BUNDLE_EXECUTABLE_FOLDER_PATH)/BiggerNotes";
			};
			name = Release;
		};
		A9E4F22B2E8CDB0100377EF2 /* Debug */ = {
			isa = XCBuildConfiguration;
			buildSettings = {
				CODE_SIGN_STYLE = Automatic;
				CURRENT_PROJECT_VERSION = 1;
				DEVELOPMENT_TEAM = 79JQZNXB8V;
				GCC_C_LANGUAGE_STANDARD = gnu17;
				GENERATE_INFOPLIST_FILE = YES;
				IPHONEOS_DEPLOYMENT_TARGET = 26.0;
				LOCALIZATION_PREFERS_STRING_CATALOGS = YES;
				MARKETING_VERSION = 1.0;
				PRODUCT_BUNDLE_IDENTIFIER = org.ejeff.BiggerNotesScreenshots;
				PRODUCT_NAME = "$(TARGET_NAME)";
				STRING_CATALOG_GENERATE_SYMBOLS = NO;
				SWIFT_ACTIVE_COMPILATION_CONDITIONS = "DEBUG $(inherited)";
				SWIFT_APPROACHABLE_CONCURRENCY = YES;
				SWIFT_EMIT_LOC_STRINGS = NO;
				SWIFT_UPCOMING_FEATURE_MEMBER_IMPORT_VISIBILITY = YES;
				SWIFT_VERSION = 5.0;
				TARGETED_DEVICE_FAMILY = "1,2";
				TEST_TARGET_NAME = BiggerNotes;
			};
			name = Debug;
		};
		A9E4F22C2E8CDB0100377EF2 /* Release */ = {
			isa = XCBuildConfiguration;
			buildSettings = {
				CODE_SIGN_STYLE = Automatic;
				CURRENT_PROJECT_VERSION = 1;
				DEVELOPMENT_TEAM = 79JQZNXB8V;
				GCC_C_LANGUAGE_STANDARD = gnu17;
				GENERATE_INFOPLIST_FILE = YES;
				IPHONEOS_DEPLOYMENT_TARGET = 26.0;
				LOCALIZATION_PREFERS_STRING_CATALOGS = YES;
				MARKETING_VERSION = 1.0;
				PRODUCT_BUNDLE_IDENTIFIER = org.ejeff.BiggerNotesScreenshots;
				PRODUCT_NAME = "$(TARGET_NAME)";
				STRING_CATALOG_GENERATE_SYMBOLS = NO;
				SWIFT_APPROACHABLE_CONCURRENCY = YES;
				SWIFT_EMIT_LOC_STRINGS = NO;
				SWIFT_UPCOMING_FEATURE_MEMBER_IMPORT_VISIBILITY = YES;
				SWIFT_VERSION = 5.0;
				TARGETED_DEVICE_FAMILY = "1,2";
				TEST_TARGET_NAME = BiggerNotes;
			};
			name = Release;
		};
/* End XCBuildConfiguration section */

/* Begin XCConfigurationList section */
		A91092F028959F4F00F87E84 /* Build configuration list for PBXProject "BiggerNotes" */ = {
			isa = XCConfigurationList;
			buildConfigurations = (
				A910930728959F5000F87E84 /* Debug */,
				A910930828959F5000F87E84 /* Release */,
			);
			defaultConfigurationIsVisible = 0;
			defaultConfigurationName = Release;
		};
		A910930928959F5000F87E84 /* Build configuration list for PBXNativeTarget "BiggerNotes" */ = {
			isa = XCConfigurationList;
			buildConfigurations = (
				A910930A28959F5000F87E84 /* Debug */,
				A910930B28959F5000F87E84 /* Release */,
			);
			defaultConfigurationIsVisible = 0;
			defaultConfigurationName = Release;
		};
		A937EC352F358D810024CBA1 /* Build configuration list for PBXNativeTarget "BiggerNotesUITests" */ = {
			isa = XCConfigurationList;
			buildConfigurations = (
				A937EC332F358D810024CBA1 /* Debug */,
				A937EC342F358D810024CBA1 /* Release */,
			);
			defaultConfigurationIsVisible = 0;
			defaultConfigurationName = Release;
		};
		A937EC402F358D8F0024CBA1 /* Build configuration list for PBXNativeTarget "BiggerNotesUnitTests" */ = {
			isa = XCConfigurationList;
			buildConfigurations = (
				A937EC412F358D8F0024CBA1 /* Debug */,
				A937EC422F358D8F0024CBA1 /* Release */,
			);
			defaultConfigurationIsVisible = 0;
			defaultConfigurationName = Release;
		};
		A9E4F22D2E8CDB0100377EF2 /* Build configuration list for PBXNativeTarget "BiggerNotesScreenshots" */ = {
			isa = XCConfigurationList;
			buildConfigurations = (
				A9E4F22B2E8CDB0100377EF2 /* Debug */,
				A9E4F22C2E8CDB0100377EF2 /* Release */,
			);
			defaultConfigurationIsVisible = 0;
			defaultConfigurationName = Release;
		};
/* End XCConfigurationList section */

/* Begin XCRemoteSwiftPackageReference section */
		0836AE942A87396300032A60 /* XCRemoteSwiftPackageReference "swiftui-shake-gesture" */ = {
			isa = XCRemoteSwiftPackageReference;
			repositoryURL = "https://github.com/globulus/swiftui-shake-gesture";
			requirement = {
				kind = upToNextMajorVersion;
				minimumVersion = 1.0.0;
			};
		};
/* End XCRemoteSwiftPackageReference section */

/* Begin XCSwiftPackageProductDependency section */
		0836AE952A87396300032A60 /* SwiftUIShakeGesture */ = {
			isa = XCSwiftPackageProductDependency;
			package = 0836AE942A87396300032A60 /* XCRemoteSwiftPackageReference "swiftui-shake-gesture" */;
			productName = SwiftUIShakeGesture;
		};
/* End XCSwiftPackageProductDependency section */

/* Begin XCVersionGroup section */
		A910930328959F5000F87E84 /* BiggerNotes.xcdatamodeld */ = {
			isa = XCVersionGroup;
			children = (
				0893522A2A9CFDB500D22E99 /* BiggerNotes 2.xcdatamodel */,
				A910930428959F5000F87E84 /* BiggerNotes.xcdatamodel */,
			);
			currentVersion = 0893522A2A9CFDB500D22E99 /* BiggerNotes 2.xcdatamodel */;
			path = BiggerNotes.xcdatamodeld;
			sourceTree = "<group>";
			versionGroupType = wrapper.xcdatamodel;
		};
/* End XCVersionGroup section */
	};
	rootObject = A91092ED28959F4F00F87E84 /* Project object */;
}
