// !$*UTF8*$!
{
	archiveVersion = 1;
	classes = {
	};
	objectVersion = 56;
	objects = {

/* Begin PBXBuildFile section */
		081232862A76097C009055E2 /* AppSettingsSheet.swift in Sources */ = {isa = PBXBuildFile; fileRef = 081232852A76097C009055E2 /* AppSettingsSheet.swift */; };
		081232882A7609EA009055E2 /* AppSettingsViewModel.swift in Sources */ = {isa = PBXBuildFile; fileRef = 081232872A7609EA009055E2 /* AppSettingsViewModel.swift */; };
		0812328A2A761508009055E2 /* Bundle+Versions.swift in Sources */ = {isa = PBXBuildFile; fileRef = 081232892A761508009055E2 /* Bundle+Versions.swift */; };
		0836AE962A87396300032A60 /* SwiftUIShakeGesture in Frameworks */ = {isa = PBXBuildFile; productRef = 0836AE952A87396300032A60 /* SwiftUIShakeGesture */; };
		0836AE982A873B3900032A60 /* DevToolsSection.swift in Sources */ = {isa = PBXBuildFile; fileRef = 0836AE972A873B3900032A60 /* DevToolsSection.swift */; };
		0847AED52A66FEAB00A60344 /* UIFont.swift in Sources */ = {isa = PBXBuildFile; fileRef = 0847AED42A66FEAB00A60344 /* UIFont.swift */; };
		0875267C2A93E23C007795F8 /* FontPicker.swift in Sources */ = {isa = PBXBuildFile; fileRef = 0875267B2A93E23C007795F8 /* FontPicker.swift */; };
		089352282A9C4D4900D22E99 /* FloatingButton.swift in Sources */ = {isa = PBXBuildFile; fileRef = 089352272A9C4D4900D22E99 /* FloatingButton.swift */; };
		08CA3D722A872BCD00CE06C6 /* DeleteAllNotesButton.swift in Sources */ = {isa = PBXBuildFile; fileRef = 08CA3D712A872BCD00CE06C6 /* DeleteAllNotesButton.swift */; };
		08D93EAF2A97B59A0083CE0F /* SettingsSheet.swift in Sources */ = {isa = PBXBuildFile; fileRef = 08D93EAE2A97B59A0083CE0F /* SettingsSheet.swift */; };
		08D93EB12A97BDA10083CE0F /* SettingsButton.swift in Sources */ = {isa = PBXBuildFile; fileRef = 08D93EB02A97BDA10083CE0F /* SettingsButton.swift */; };
		08D93EB52A985FD90083CE0F /* NoteLink.swift in Sources */ = {isa = PBXBuildFile; fileRef = 08D93EB42A985FD90083CE0F /* NoteLink.swift */; };
		08D93EB72A9860180083CE0F /* NoteCell.swift in Sources */ = {isa = PBXBuildFile; fileRef = 08D93EB62A9860180083CE0F /* NoteCell.swift */; };
		08D93EBB2A9980FC0083CE0F /* Snackbar.swift in Sources */ = {isa = PBXBuildFile; fileRef = 08D93EBA2A9980FC0083CE0F /* Snackbar.swift */; };
		A91092F928959F4F00F87E84 /* BiggerNotesApp.swift in Sources */ = {isa = PBXBuildFile; fileRef = A91092F828959F4F00F87E84 /* BiggerNotesApp.swift */; };
		A91092FB28959F4F00F87E84 /* NoteList.swift in Sources */ = {isa = PBXBuildFile; fileRef = A91092FA28959F4F00F87E84 /* NoteList.swift */; };
		A91092FD28959F5000F87E84 /* Assets.xcassets in Resources */ = {isa = PBXBuildFile; fileRef = A91092FC28959F5000F87E84 /* Assets.xcassets */; };
		A910930028959F5000F87E84 /* Preview Assets.xcassets in Resources */ = {isa = PBXBuildFile; fileRef = A91092FF28959F5000F87E84 /* Preview Assets.xcassets */; };
		A910930228959F5000F87E84 /* Persistence.swift in Sources */ = {isa = PBXBuildFile; fileRef = A910930128959F5000F87E84 /* Persistence.swift */; };
		A910930528959F5000F87E84 /* BiggerNotes.xcdatamodeld in Sources */ = {isa = PBXBuildFile; fileRef = A910930328959F5000F87E84 /* BiggerNotes.xcdatamodeld */; };
		A910930E2895A12800F87E84 /* Note+CoreDataClass.swift in Sources */ = {isa = PBXBuildFile; fileRef = A910930C2895A12800F87E84 /* Note+CoreDataClass.swift */; };
		A910930F2895A12800F87E84 /* Note+CoreDataProperties.swift in Sources */ = {isa = PBXBuildFile; fileRef = A910930D2895A12800F87E84 /* Note+CoreDataProperties.swift */; };
		A91093112895A50100F87E84 /* NoteDetail.swift in Sources */ = {isa = PBXBuildFile; fileRef = A91093102895A50100F87E84 /* NoteDetail.swift */; };
		A910931928962CB200F87E84 /* TextSettingsSheet.swift in Sources */ = {isa = PBXBuildFile; fileRef = A910931828962CB200F87E84 /* TextSettingsSheet.swift */; };
		A9917915289869F500AD3C30 /* NoteViewModel.swift in Sources */ = {isa = PBXBuildFile; fileRef = A9917914289869F500AD3C30 /* NoteViewModel.swift */; };
		A99179172898917500AD3C30 /* View+ErrorAlert.swift in Sources */ = {isa = PBXBuildFile; fileRef = A99179162898917500AD3C30 /* View+ErrorAlert.swift */; };
		A9B0D482298C1507005B58B3 /* TextView.swift in Sources */ = {isa = PBXBuildFile; fileRef = A9B0D481298C1507005B58B3 /* TextView.swift */; };
		A9C65F412992B7BD00D0AA1E /* Color+RawRepresentable.swift in Sources */ = {isa = PBXBuildFile; fileRef = A9C65F402992B7BD00D0AA1E /* Color+RawRepresentable.swift */; };
		A9EE0EA7289E305300012FE2 /* CreateNewNote.swift in Sources */ = {isa = PBXBuildFile; fileRef = A9EE0EA6289E305300012FE2 /* CreateNewNote.swift */; };
		A9EE0EA9289E310000012FE2 /* Router.swift in Sources */ = {isa = PBXBuildFile; fileRef = A9EE0EA8289E310000012FE2 /* Router.swift */; };
		A9EE0EAB289E34A300012FE2 /* AppShortcuts.swift in Sources */ = {isa = PBXBuildFile; fileRef = A9EE0EAA289E34A300012FE2 /* AppShortcuts.swift */; };
		A9EE0EB328A01AF500012FE2 /* TextSettingsViewModel.swift in Sources */ = {isa = PBXBuildFile; fileRef = A9EE0EB228A01AF500012FE2 /* TextSettingsViewModel.swift */; };
/* End PBXBuildFile section */

/* Begin PBXFileReference section */
		081232852A76097C009055E2 /* AppSettingsSheet.swift */ = {isa = PBXFileReference; lastKnownFileType = sourcecode.swift; path = AppSettingsSheet.swift; sourceTree = "<group>"; };
		081232872A7609EA009055E2 /* AppSettingsViewModel.swift */ = {isa = PBXFileReference; lastKnownFileType = sourcecode.swift; path = AppSettingsViewModel.swift; sourceTree = "<group>"; };
		081232892A761508009055E2 /* Bundle+Versions.swift */ = {isa = PBXFileReference; lastKnownFileType = sourcecode.swift; path = "Bundle+Versions.swift"; sourceTree = "<group>"; };
		0836AE972A873B3900032A60 /* DevToolsSection.swift */ = {isa = PBXFileReference; lastKnownFileType = sourcecode.swift; path = DevToolsSection.swift; sourceTree = "<group>"; };
		0847AED42A66FEAB00A60344 /* UIFont.swift */ = {isa = PBXFileReference; lastKnownFileType = sourcecode.swift; path = UIFont.swift; sourceTree = "<group>"; };
		0875267B2A93E23C007795F8 /* FontPicker.swift */ = {isa = PBXFileReference; lastKnownFileType = sourcecode.swift; path = FontPicker.swift; sourceTree = "<group>"; };
		089352272A9C4D4900D22E99 /* FloatingButton.swift */ = {isa = PBXFileReference; lastKnownFileType = sourcecode.swift; path = FloatingButton.swift; sourceTree = "<group>"; };
		0893522A2A9CFDB500D22E99 /* BiggerNotes 2.xcdatamodel */ = {isa = PBXFileReference; lastKnownFileType = wrapper.xcdatamodel; path = "BiggerNotes 2.xcdatamodel"; sourceTree = "<group>"; };
		08CA3D712A872BCD00CE06C6 /* DeleteAllNotesButton.swift */ = {isa = PBXFileReference; lastKnownFileType = sourcecode.swift; path = DeleteAllNotesButton.swift; sourceTree = "<group>"; };
		08D93EAE2A97B59A0083CE0F /* SettingsSheet.swift */ = {isa = PBXFileReference; lastKnownFileType = sourcecode.swift; path = SettingsSheet.swift; sourceTree = "<group>"; };
		08D93EB02A97BDA10083CE0F /* SettingsButton.swift */ = {isa = PBXFileReference; lastKnownFileType = sourcecode.swift; path = SettingsButton.swift; sourceTree = "<group>"; };
		08D93EB42A985FD90083CE0F /* NoteLink.swift */ = {isa = PBXFileReference; lastKnownFileType = sourcecode.swift; path = NoteLink.swift; sourceTree = "<group>"; };
		08D93EB62A9860180083CE0F /* NoteCell.swift */ = {isa = PBXFileReference; lastKnownFileType = sourcecode.swift; path = NoteCell.swift; sourceTree = "<group>"; };
		08D93EBA2A9980FC0083CE0F /* Snackbar.swift */ = {isa = PBXFileReference; lastKnownFileType = sourcecode.swift; path = Snackbar.swift; sourceTree = "<group>"; };
		A91092F528959F4F00F87E84 /* BiggerNotes.app */ = {isa = PBXFileReference; explicitFileType = wrapper.application; includeInIndex = 0; path = BiggerNotes.app; sourceTree = BUILT_PRODUCTS_DIR; };
		A91092F828959F4F00F87E84 /* BiggerNotesApp.swift */ = {isa = PBXFileReference; lastKnownFileType = sourcecode.swift; path = BiggerNotesApp.swift; sourceTree = "<group>"; };
		A91092FA28959F4F00F87E84 /* NoteList.swift */ = {isa = PBXFileReference; lastKnownFileType = sourcecode.swift; path = NoteList.swift; sourceTree = "<group>"; };
		A91092FC28959F5000F87E84 /* Assets.xcassets */ = {isa = PBXFileReference; lastKnownFileType = folder.assetcatalog; path = Assets.xcassets; sourceTree = "<group>"; };
		A91092FF28959F5000F87E84 /* Preview Assets.xcassets */ = {isa = PBXFileReference; lastKnownFileType = folder.assetcatalog; path = "Preview Assets.xcassets"; sourceTree = "<group>"; };
		A910930128959F5000F87E84 /* Persistence.swift */ = {isa = PBXFileReference; lastKnownFileType = sourcecode.swift; path = Persistence.swift; sourceTree = "<group>"; };
		A910930428959F5000F87E84 /* BiggerNotes.xcdatamodel */ = {isa = PBXFileReference; lastKnownFileType = wrapper.xcdatamodel; path = BiggerNotes.xcdatamodel; sourceTree = "<group>"; };
		A910930628959F5000F87E84 /* Info.plist */ = {isa = PBXFileReference; lastKnownFileType = text.plist.xml; path = Info.plist; sourceTree = "<group>"; };
		A910930C2895A12800F87E84 /* Note+CoreDataClass.swift */ = {isa = PBXFileReference; lastKnownFileType = sourcecode.swift; path = "Note+CoreDataClass.swift"; sourceTree = "<group>"; };
		A910930D2895A12800F87E84 /* Note+CoreDataProperties.swift */ = {isa = PBXFileReference; lastKnownFileType = sourcecode.swift; path = "Note+CoreDataProperties.swift"; sourceTree = "<group>"; };
		A91093102895A50100F87E84 /* NoteDetail.swift */ = {isa = PBXFileReference; lastKnownFileType = sourcecode.swift; path = NoteDetail.swift; sourceTree = "<group>"; };
		A910931828962CB200F87E84 /* TextSettingsSheet.swift */ = {isa = PBXFileReference; lastKnownFileType = sourcecode.swift; path = TextSettingsSheet.swift; sourceTree = "<group>"; };
		A944827B289B1B2B00F6E7FC /* BiggerNotes.entitlements */ = {isa = PBXFileReference; lastKnownFileType = text.plist.entitlements; path = BiggerNotes.entitlements; sourceTree = "<group>"; };
		A9913CFC28D13AAB00D7DC73 /* PRIVACY.md */ = {isa = PBXFileReference; lastKnownFileType = net.daringfireball.markdown; path = PRIVACY.md; sourceTree = "<group>"; };
		A9917914289869F500AD3C30 /* NoteViewModel.swift */ = {isa = PBXFileReference; lastKnownFileType = sourcecode.swift; path = NoteViewModel.swift; sourceTree = "<group>"; };
		A99179162898917500AD3C30 /* View+ErrorAlert.swift */ = {isa = PBXFileReference; lastKnownFileType = sourcecode.swift; path = "View+ErrorAlert.swift"; sourceTree = "<group>"; };
		A9B0D481298C1507005B58B3 /* TextView.swift */ = {isa = PBXFileReference; lastKnownFileType = sourcecode.swift; path = TextView.swift; sourceTree = "<group>"; };
		A9C65F402992B7BD00D0AA1E /* Color+RawRepresentable.swift */ = {isa = PBXFileReference; lastKnownFileType = sourcecode.swift; path = "Color+RawRepresentable.swift"; sourceTree = "<group>"; };
		A9EE0EA3289B4BA800012FE2 /* LICENSE */ = {isa = PBXFileReference; lastKnownFileType = text; path = LICENSE; sourceTree = "<group>"; };
		A9EE0EA4289B4BDD00012FE2 /* README.md */ = {isa = PBXFileReference; lastKnownFileType = net.daringfireball.markdown; path = README.md; sourceTree = "<group>"; };
		A9EE0EA6289E305300012FE2 /* CreateNewNote.swift */ = {isa = PBXFileReference; lastKnownFileType = sourcecode.swift; path = CreateNewNote.swift; sourceTree = "<group>"; };
		A9EE0EA8289E310000012FE2 /* Router.swift */ = {isa = PBXFileReference; lastKnownFileType = sourcecode.swift; path = Router.swift; sourceTree = "<group>"; };
		A9EE0EAA289E34A300012FE2 /* AppShortcuts.swift */ = {isa = PBXFileReference; lastKnownFileType = sourcecode.swift; path = AppShortcuts.swift; sourceTree = "<group>"; };
		A9EE0EB228A01AF500012FE2 /* TextSettingsViewModel.swift */ = {isa = PBXFileReference; lastKnownFileType = sourcecode.swift; path = TextSettingsViewModel.swift; sourceTree = "<group>"; };
/* End PBXFileReference section */

/* Begin PBXFrameworksBuildPhase section */
		A91092F228959F4F00F87E84 /* Frameworks */ = {
			isa = PBXFrameworksBuildPhase;
			buildActionMask = 2147483647;
			files = (
				0836AE962A87396300032A60 /* SwiftUIShakeGesture in Frameworks */,
			);
			runOnlyForDeploymentPostprocessing = 0;
		};
/* End PBXFrameworksBuildPhase section */

/* Begin PBXGroup section */
		A91092EC28959F4F00F87E84 = {
			isa = PBXGroup;
			children = (
				A9913CFC28D13AAB00D7DC73 /* PRIVACY.md */,
				A9EE0EA4289B4BDD00012FE2 /* README.md */,
				A9EE0EA3289B4BA800012FE2 /* LICENSE */,
				A91092F728959F4F00F87E84 /* BiggerNotes */,
				A91092F628959F4F00F87E84 /* Products */,
			);
			sourceTree = "<group>";
		};
		A91092F628959F4F00F87E84 /* Products */ = {
			isa = PBXGroup;
			children = (
				A91092F528959F4F00F87E84 /* BiggerNotes.app */,
			);
			name = Products;
			sourceTree = "<group>";
		};
		A91092F728959F4F00F87E84 /* BiggerNotes */ = {
			isa = PBXGroup;
			children = (
				A944827B289B1B2B00F6E7FC /* BiggerNotes.entitlements */,
				A9448279289B1A5900F6E7FC /* Data */,
				A9EE0EA5289E303000012FE2 /* Intents */,
				A944827A289B1A6F00F6E7FC /* UI */,
				A91092FC28959F5000F87E84 /* Assets.xcassets */,
				A910930628959F5000F87E84 /* Info.plist */,
				A910930328959F5000F87E84 /* BiggerNotes.xcdatamodeld */,
				A91092FE28959F5000F87E84 /* Preview Content */,
			);
			path = BiggerNotes;
			sourceTree = "<group>";
		};
		A91092FE28959F5000F87E84 /* Preview Content */ = {
			isa = PBXGroup;
			children = (
				A91092FF28959F5000F87E84 /* Preview Assets.xcassets */,
			);
			path = "Preview Content";
			sourceTree = "<group>";
		};
		A9448279289B1A5900F6E7FC /* Data */ = {
			isa = PBXGroup;
			children = (
				A910930128959F5000F87E84 /* Persistence.swift */,
				A910930C2895A12800F87E84 /* Note+CoreDataClass.swift */,
				A910930D2895A12800F87E84 /* Note+CoreDataProperties.swift */,
			);
			path = Data;
			sourceTree = "<group>";
		};
		A944827A289B1A6F00F6E7FC /* UI */ = {
			isa = PBXGroup;
			children = (
				A9B0D483298C160F005B58B3 /* UIKit */,
				081232852A76097C009055E2 /* AppSettingsSheet.swift */,
				081232872A7609EA009055E2 /* AppSettingsViewModel.swift */,
				A91092F828959F4F00F87E84 /* BiggerNotesApp.swift */,
				081232892A761508009055E2 /* Bundle+Versions.swift */,
				A9C65F402992B7BD00D0AA1E /* Color+RawRepresentable.swift */,
				08CA3D712A872BCD00CE06C6 /* DeleteAllNotesButton.swift */,
				0836AE972A873B3900032A60 /* DevToolsSection.swift */,
				089352272A9C4D4900D22E99 /* FloatingButton.swift */,
				08D93EB62A9860180083CE0F /* NoteCell.swift */,
				A91093102895A50100F87E84 /* NoteDetail.swift */,
				08D93EB42A985FD90083CE0F /* NoteLink.swift */,
				A91092FA28959F4F00F87E84 /* NoteList.swift */,
				A9917914289869F500AD3C30 /* NoteViewModel.swift */,
				A9EE0EA8289E310000012FE2 /* Router.swift */,
				08D93EB02A97BDA10083CE0F /* SettingsButton.swift */,
				08D93EAE2A97B59A0083CE0F /* SettingsSheet.swift */,
				08D93EBA2A9980FC0083CE0F /* Snackbar.swift */,
				A910931828962CB200F87E84 /* TextSettingsSheet.swift */,
				A9EE0EB228A01AF500012FE2 /* TextSettingsViewModel.swift */,
				A99179162898917500AD3C30 /* View+ErrorAlert.swift */,
			);
			path = UI;
			sourceTree = "<group>";
		};
		A9B0D483298C160F005B58B3 /* UIKit */ = {
			isa = PBXGroup;
			children = (
				A9B0D481298C1507005B58B3 /* TextView.swift */,
				0847AED42A66FEAB00A60344 /* UIFont.swift */,
				0875267B2A93E23C007795F8 /* FontPicker.swift */,
			);
			path = UIKit;
			sourceTree = "<group>";
		};
		A9EE0EA5289E303000012FE2 /* Intents */ = {
			isa = PBXGroup;
			children = (
				A9EE0EAA289E34A300012FE2 /* AppShortcuts.swift */,
				A9EE0EA6289E305300012FE2 /* CreateNewNote.swift */,
			);
			path = Intents;
			sourceTree = "<group>";
		};
/* End PBXGroup section */

/* Begin PBXNativeTarget section */
		A91092F428959F4F00F87E84 /* BiggerNotes */ = {
			isa = PBXNativeTarget;
			buildConfigurationList = A910930928959F5000F87E84 /* Build configuration list for PBXNativeTarget "BiggerNotes" */;
			buildPhases = (
				A91092F128959F4F00F87E84 /* Sources */,
				A91092F228959F4F00F87E84 /* Frameworks */,
				A91092F328959F4F00F87E84 /* Resources */,
			);
			buildRules = (
			);
			dependencies = (
			);
			name = BiggerNotes;
			packageProductDependencies = (
				0836AE952A87396300032A60 /* SwiftUIShakeGesture */,
			);
			productName = BiggerNotes;
			productReference = A91092F528959F4F00F87E84 /* BiggerNotes.app */;
			productType = "com.apple.product-type.application";
		};
/* End PBXNativeTarget section */

/* Begin PBXProject section */
		A91092ED28959F4F00F87E84 /* Project object */ = {
			isa = PBXProject;
			attributes = {
				BuildIndependentTargetsInParallel = 1;
				LastSwiftUpdateCheck = 1400;
				LastUpgradeCheck = 1400;
				TargetAttributes = {
					A91092F428959F4F00F87E84 = {
						CreatedOnToolsVersion = 14.0;
					};
				};
			};
			buildConfigurationList = A91092F028959F4F00F87E84 /* Build configuration list for PBXProject "BiggerNotes" */;
			compatibilityVersion = "Xcode 14.0";
			developmentRegion = en;
			hasScannedForEncodings = 0;
			knownRegions = (
				en,
				Base,
			);
			mainGroup = A91092EC28959F4F00F87E84;
			packageReferences = (
				0836AE942A87396300032A60 /* XCRemoteSwiftPackageReference "swiftui-shake-gesture" */,
			);
			productRefGroup = A91092F628959F4F00F87E84 /* Products */;
			projectDirPath = "";
			projectRoot = "";
			targets = (
				A91092F428959F4F00F87E84 /* BiggerNotes */,
			);
		};
/* End PBXProject section */

/* Begin PBXResourcesBuildPhase section */
		A91092F328959F4F00F87E84 /* Resources */ = {
			isa = PBXResourcesBuildPhase;
			buildActionMask = 2147483647;
			files = (
				A910930028959F5000F87E84 /* Preview Assets.xcassets in Resources */,
				A91092FD28959F5000F87E84 /* Assets.xcassets in Resources */,
			);
			runOnlyForDeploymentPostprocessing = 0;
		};
/* End PBXResourcesBuildPhase section */

/* Begin PBXSourcesBuildPhase section */
		A91092F128959F4F00F87E84 /* Sources */ = {
			isa = PBXSourcesBuildPhase;
			buildActionMask = 2147483647;
			files = (
				A99179172898917500AD3C30 /* View+ErrorAlert.swift in Sources */,
				A910930228959F5000F87E84 /* Persistence.swift in Sources */,
				A910930528959F5000F87E84 /* BiggerNotes.xcdatamodeld in Sources */,
				08D93EB72A9860180083CE0F /* NoteCell.swift in Sources */,
				081232862A76097C009055E2 /* AppSettingsSheet.swift in Sources */,
				A910930E2895A12800F87E84 /* Note+CoreDataClass.swift in Sources */,
				08D93EBB2A9980FC0083CE0F /* Snackbar.swift in Sources */,
				A9EE0EA7289E305300012FE2 /* CreateNewNote.swift in Sources */,
				0836AE982A873B3900032A60 /* DevToolsSection.swift in Sources */,
				08D93EB12A97BDA10083CE0F /* SettingsButton.swift in Sources */,
				A91092FB28959F4F00F87E84 /* NoteList.swift in Sources */,
				08D93EB52A985FD90083CE0F /* NoteLink.swift in Sources */,
				A910931928962CB200F87E84 /* TextSettingsSheet.swift in Sources */,
				0812328A2A761508009055E2 /* Bundle+Versions.swift in Sources */,
				A91092F928959F4F00F87E84 /* BiggerNotesApp.swift in Sources */,
				A910930F2895A12800F87E84 /* Note+CoreDataProperties.swift in Sources */,
				08D93EAF2A97B59A0083CE0F /* SettingsSheet.swift in Sources */,
				A9EE0EA9289E310000012FE2 /* Router.swift in Sources */,
				A91093112895A50100F87E84 /* NoteDetail.swift in Sources */,
				089352282A9C4D4900D22E99 /* FloatingButton.swift in Sources */,
				A9C65F412992B7BD00D0AA1E /* Color+RawRepresentable.swift in Sources */,
				A9EE0EAB289E34A300012FE2 /* AppShortcuts.swift in Sources */,
				081232882A7609EA009055E2 /* AppSettingsViewModel.swift in Sources */,
				0847AED52A66FEAB00A60344 /* UIFont.swift in Sources */,
				A9B0D482298C1507005B58B3 /* TextView.swift in Sources */,
				0875267C2A93E23C007795F8 /* FontPicker.swift in Sources */,
				A9917915289869F500AD3C30 /* NoteViewModel.swift in Sources */,
				08CA3D722A872BCD00CE06C6 /* DeleteAllNotesButton.swift in Sources */,
				A9EE0EB328A01AF500012FE2 /* TextSettingsViewModel.swift in Sources */,
			);
			runOnlyForDeploymentPostprocessing = 0;
		};
/* End PBXSourcesBuildPhase section */

/* Begin XCBuildConfiguration section */
		A910930728959F5000F87E84 /* Debug */ = {
			isa = XCBuildConfiguration;
			buildSettings = {
				ALWAYS_SEARCH_USER_PATHS = NO;
				CLANG_ANALYZER_NONNULL = YES;
				CLANG_ANALYZER_NUMBER_OBJECT_CONVERSION = YES_AGGRESSIVE;
				CLANG_CXX_LANGUAGE_STANDARD = "gnu++20";
				CLANG_ENABLE_MODULES = YES;
				CLANG_ENABLE_OBJC_ARC = YES;
				CLANG_ENABLE_OBJC_WEAK = YES;
				CLANG_WARN_BLOCK_CAPTURE_AUTORELEASING = YES;
				CLANG_WARN_BOOL_CONVERSION = YES;
				CLANG_WARN_COMMA = YES;
				CLANG_WARN_CONSTANT_CONVERSION = YES;
				CLANG_WARN_DEPRECATED_OBJC_IMPLEMENTATIONS = YES;
				CLANG_WARN_DIRECT_OBJC_ISA_USAGE = YES_ERROR;
				CLANG_WARN_DOCUMENTATION_COMMENTS = YES;
				CLANG_WARN_EMPTY_BODY = YES;
				CLANG_WARN_ENUM_CONVERSION = YES;
				CLANG_WARN_INFINITE_RECURSION = YES;
				CLANG_WARN_INT_CONVERSION = YES;
				CLANG_WARN_NON_LITERAL_NULL_CONVERSION = YES;
				CLANG_WARN_OBJC_IMPLICIT_RETAIN_SELF = YES;
				CLANG_WARN_OBJC_LITERAL_CONVERSION = YES;
				CLANG_WARN_OBJC_ROOT_CLASS = YES_ERROR;
				CLANG_WARN_QUOTED_INCLUDE_IN_FRAMEWORK_HEADER = YES;
				CLANG_WARN_RANGE_LOOP_ANALYSIS = YES;
				CLANG_WARN_STRICT_PROTOTYPES = YES;
				CLANG_WARN_SUSPICIOUS_MOVE = YES;
				CLANG_WARN_UNGUARDED_AVAILABILITY = YES_AGGRESSIVE;
				CLANG_WARN_UNREACHABLE_CODE = YES;
				CLANG_WARN__DUPLICATE_METHOD_MATCH = YES;
				COPY_PHASE_STRIP = NO;
				DEBUG_INFORMATION_FORMAT = dwarf;
				ENABLE_STRICT_OBJC_MSGSEND = YES;
				ENABLE_TESTABILITY = YES;
				GCC_C_LANGUAGE_STANDARD = gnu11;
				GCC_DYNAMIC_NO_PIC = NO;
				GCC_NO_COMMON_BLOCKS = YES;
				GCC_OPTIMIZATION_LEVEL = 0;
				GCC_PREPROCESSOR_DEFINITIONS = (
					"DEBUG=1",
					"$(inherited)",
				);
				GCC_WARN_64_TO_32_BIT_CONVERSION = YES;
				GCC_WARN_ABOUT_RETURN_TYPE = YES_ERROR;
				GCC_WARN_UNDECLARED_SELECTOR = YES;
				GCC_WARN_UNINITIALIZED_AUTOS = YES_AGGRESSIVE;
				GCC_WARN_UNUSED_FUNCTION = YES;
				GCC_WARN_UNUSED_VARIABLE = YES;
				IPHONEOS_DEPLOYMENT_TARGET = 16.0;
				MTL_ENABLE_DEBUG_INFO = INCLUDE_SOURCE;
				MTL_FAST_MATH = YES;
				ONLY_ACTIVE_ARCH = YES;
				SDKROOT = iphoneos;
				SWIFT_ACTIVE_COMPILATION_CONDITIONS = DEBUG;
				SWIFT_OPTIMIZATION_LEVEL = "-Onone";
			};
			name = Debug;
		};
		A910930828959F5000F87E84 /* Release */ = {
			isa = XCBuildConfiguration;
			buildSettings = {
				ALWAYS_SEARCH_USER_PATHS = NO;
				CLANG_ANALYZER_NONNULL = YES;
				CLANG_ANALYZER_NUMBER_OBJECT_CONVERSION = YES_AGGRESSIVE;
				CLANG_CXX_LANGUAGE_STANDARD = "gnu++20";
				CLANG_ENABLE_MODULES = YES;
				CLANG_ENABLE_OBJC_ARC = YES;
				CLANG_ENABLE_OBJC_WEAK = YES;
				CLANG_WARN_BLOCK_CAPTURE_AUTORELEASING = YES;
				CLANG_WARN_BOOL_CONVERSION = YES;
				CLANG_WARN_COMMA = YES;
				CLANG_WARN_CONSTANT_CONVERSION = YES;
				CLANG_WARN_DEPRECATED_OBJC_IMPLEMENTATIONS = YES;
				CLANG_WARN_DIRECT_OBJC_ISA_USAGE = YES_ERROR;
				CLANG_WARN_DOCUMENTATION_COMMENTS = YES;
				CLANG_WARN_EMPTY_BODY = YES;
				CLANG_WARN_ENUM_CONVERSION = YES;
				CLANG_WARN_INFINITE_RECURSION = YES;
				CLANG_WARN_INT_CONVERSION = YES;
				CLANG_WARN_NON_LITERAL_NULL_CONVERSION = YES;
				CLANG_WARN_OBJC_IMPLICIT_RETAIN_SELF = YES;
				CLANG_WARN_OBJC_LITERAL_CONVERSION = YES;
				CLANG_WARN_OBJC_ROOT_CLASS = YES_ERROR;
				CLANG_WARN_QUOTED_INCLUDE_IN_FRAMEWORK_HEADER = YES;
				CLANG_WARN_RANGE_LOOP_ANALYSIS = YES;
				CLANG_WARN_STRICT_PROTOTYPES = YES;
				CLANG_WARN_SUSPICIOUS_MOVE = YES;
				CLANG_WARN_UNGUARDED_AVAILABILITY = YES_AGGRESSIVE;
				CLANG_WARN_UNREACHABLE_CODE = YES;
				CLANG_WARN__DUPLICATE_METHOD_MATCH = YES;
				COPY_PHASE_STRIP = NO;
				DEBUG_INFORMATION_FORMAT = "dwarf-with-dsym";
				ENABLE_NS_ASSERTIONS = NO;
				ENABLE_STRICT_OBJC_MSGSEND = YES;
				GCC_C_LANGUAGE_STANDARD = gnu11;
				GCC_NO_COMMON_BLOCKS = YES;
				GCC_WARN_64_TO_32_BIT_CONVERSION = YES;
				GCC_WARN_ABOUT_RETURN_TYPE = YES_ERROR;
				GCC_WARN_UNDECLARED_SELECTOR = YES;
				GCC_WARN_UNINITIALIZED_AUTOS = YES_AGGRESSIVE;
				GCC_WARN_UNUSED_FUNCTION = YES;
				GCC_WARN_UNUSED_VARIABLE = YES;
				IPHONEOS_DEPLOYMENT_TARGET = 16.0;
				MTL_ENABLE_DEBUG_INFO = NO;
				MTL_FAST_MATH = YES;
				SDKROOT = iphoneos;
				SWIFT_COMPILATION_MODE = wholemodule;
				SWIFT_OPTIMIZATION_LEVEL = "-O";
				VALIDATE_PRODUCT = YES;
			};
			name = Release;
		};
		A910930A28959F5000F87E84 /* Debug */ = {
			isa = XCBuildConfiguration;
			buildSettings = {
				ASSETCATALOG_COMPILER_APPICON_NAME = AppIcon;
				ASSETCATALOG_COMPILER_GLOBAL_ACCENT_COLOR_NAME = AccentColor;
				CODE_SIGN_ENTITLEMENTS = BiggerNotes/BiggerNotes.entitlements;
				CODE_SIGN_STYLE = Automatic;
				CURRENT_PROJECT_VERSION = 1;
				DEVELOPMENT_ASSET_PATHS = "\"BiggerNotes/Preview Content\"";
				DEVELOPMENT_TEAM = 79JQZNXB8V;
				ENABLE_PREVIEWS = YES;
				GENERATE_INFOPLIST_FILE = YES;
				INFOPLIST_FILE = BiggerNotes/Info.plist;
				INFOPLIST_KEY_CFBundleDisplayName = "Bigger Notes";
				INFOPLIST_KEY_LSApplicationCategoryType = "public.app-category.productivity";
				INFOPLIST_KEY_UIApplicationSupportsIndirectInputEvents = YES;
				INFOPLIST_KEY_UILaunchScreen_Generation = YES;
				INFOPLIST_KEY_UISupportedInterfaceOrientations = "UIInterfaceOrientationLandscapeLeft UIInterfaceOrientationLandscapeRight UIInterfaceOrientationPortrait UIInterfaceOrientationPortraitUpsideDown";
				IPHONEOS_DEPLOYMENT_TARGET = 16.1;
				LD_RUNPATH_SEARCH_PATHS = (
					"$(inherited)",
					"@executable_path/Frameworks",
				);
				MARKETING_VERSION = 3.7.2;
				PRODUCT_BUNDLE_IDENTIFIER = org.ejeff.BiggerNotes;
				PRODUCT_NAME = "$(TARGET_NAME)";
				SWIFT_EMIT_LOC_STRINGS = YES;
				SWIFT_VERSION = 5.0;
				TARGETED_DEVICE_FAMILY = "1,2";
			};
			name = Debug;
		};
		A910930B28959F5000F87E84 /* Release */ = {
			isa = XCBuildConfiguration;
			buildSettings = {
				ASSETCATALOG_COMPILER_APPICON_NAME = AppIcon;
				ASSETCATALOG_COMPILER_GLOBAL_ACCENT_COLOR_NAME = AccentColor;
				CODE_SIGN_ENTITLEMENTS = BiggerNotes/BiggerNotes.entitlements;
				CODE_SIGN_STYLE = Automatic;
				CURRENT_PROJECT_VERSION = 1;
				DEVELOPMENT_ASSET_PATHS = "\"BiggerNotes/Preview Content\"";
				DEVELOPMENT_TEAM = 79JQZNXB8V;
				ENABLE_PREVIEWS = YES;
				GENERATE_INFOPLIST_FILE = YES;
				INFOPLIST_FILE = BiggerNotes/Info.plist;
				INFOPLIST_KEY_CFBundleDisplayName = "Bigger Notes";
				INFOPLIST_KEY_LSApplicationCategoryType = "public.app-category.productivity";
				INFOPLIST_KEY_UIApplicationSupportsIndirectInputEvents = YES;
				INFOPLIST_KEY_UILaunchScreen_Generation = YES;
				INFOPLIST_KEY_UISupportedInterfaceOrientations = "UIInterfaceOrientationLandscapeLeft UIInterfaceOrientationLandscapeRight UIInterfaceOrientationPortrait UIInterfaceOrientationPortraitUpsideDown";
				IPHONEOS_DEPLOYMENT_TARGET = 16.1;
				LD_RUNPATH_SEARCH_PATHS = (
					"$(inherited)",
					"@executable_path/Frameworks",
				);
				MARKETING_VERSION = 3.7.2;
				PRODUCT_BUNDLE_IDENTIFIER = org.ejeff.BiggerNotes;
				PRODUCT_NAME = "$(TARGET_NAME)";
				SWIFT_EMIT_LOC_STRINGS = YES;
				SWIFT_VERSION = 5.0;
				TARGETED_DEVICE_FAMILY = "1,2";
			};
			name = Release;
		};
/* End XCBuildConfiguration section */

/* Begin XCConfigurationList section */
		A91092F028959F4F00F87E84 /* Build configuration list for PBXProject "BiggerNotes" */ = {
			isa = XCConfigurationList;
			buildConfigurations = (
				A910930728959F5000F87E84 /* Debug */,
				A910930828959F5000F87E84 /* Release */,
			);
			defaultConfigurationIsVisible = 0;
			defaultConfigurationName = Release;
		};
		A910930928959F5000F87E84 /* Build configuration list for PBXNativeTarget "BiggerNotes" */ = {
			isa = XCConfigurationList;
			buildConfigurations = (
				A910930A28959F5000F87E84 /* Debug */,
				A910930B28959F5000F87E84 /* Release */,
			);
			defaultConfigurationIsVisible = 0;
			defaultConfigurationName = Release;
		};
/* End XCConfigurationList section */

/* Begin XCRemoteSwiftPackageReference section */
		0836AE942A87396300032A60 /* XCRemoteSwiftPackageReference "swiftui-shake-gesture" */ = {
			isa = XCRemoteSwiftPackageReference;
			repositoryURL = "https://github.com/globulus/swiftui-shake-gesture";
			requirement = {
				kind = upToNextMajorVersion;
				minimumVersion = 1.0.0;
			};
		};
/* End XCRemoteSwiftPackageReference section */

/* Begin XCSwiftPackageProductDependency section */
		0836AE952A87396300032A60 /* SwiftUIShakeGesture */ = {
			isa = XCSwiftPackageProductDependency;
			package = 0836AE942A87396300032A60 /* XCRemoteSwiftPackageReference "swiftui-shake-gesture" */;
			productName = SwiftUIShakeGesture;
		};
/* End XCSwiftPackageProductDependency section */

/* Begin XCVersionGroup section */
		A910930328959F5000F87E84 /* BiggerNotes.xcdatamodeld */ = {
			isa = XCVersionGroup;
			children = (
				0893522A2A9CFDB500D22E99 /* BiggerNotes 2.xcdatamodel */,
				A910930428959F5000F87E84 /* BiggerNotes.xcdatamodel */,
			);
			currentVersion = 0893522A2A9CFDB500D22E99 /* BiggerNotes 2.xcdatamodel */;
			path = BiggerNotes.xcdatamodeld;
			sourceTree = "<group>";
			versionGroupType = wrapper.xcdatamodel;
		};
/* End XCVersionGroup section */
	};
	rootObject = A91092ED28959F4F00F87E84 /* Project object */;
}
